
Microsoft Visual Studio Solution File, Format Version 12.00
# Visual Studio Version 17
VisualStudioVersion = 17.11.35312.102
MinimumVisualStudioVersion = 10.0.40219.1
Project("{FAE04EC0-301F-11D3-BF4B-00C04F79EFBC}") = "Quiz", "Quiz.csproj", "{2FDE488C-F7D5-41BD-ACBB-47A2604791C7}"
EndProject
Global
	GlobalSection(SolutionConfigurationPlatforms) = preSolution
		Debug|Any CPU = Debug|Any CPU
		Release|Any CPU = Release|Any CPU
	EndGlobalSection
	GlobalSection(ProjectConfigurationPlatforms) = postSolution
		{2FDE488C-F7D5-41BD-ACBB-47A2604791C7}.Debug|Any CPU.ActiveCfg = Debug|Any CPU
		{2FDE488C-F7D5-41BD-ACBB-47A2604791C7}.Debug|Any CPU.Build.0 = Debug|Any CPU
		{2FDE488C-F7D5-41BD-ACBB-47A2604791C7}.Release|Any CPU.ActiveCfg = Release|Any CPU
		{2FDE488C-F7D5-41BD-ACBB-47A2604791C7}.Release|Any CPU.Build.0 = Release|Any CPU
	EndGlobalSection
	GlobalSection(SolutionProperties) = preSolution
		HideSolutionNode = FALSE
	EndGlobalSection
	GlobalSection(ExtensibilityGlobals) = postSolution
		SolutionGuid = {7D991125-E812-4CA4-95B5-0D2E896B1832}
	EndGlobalSection
EndGlobal
